
Microsoft Visual Studio Solution File, Format Version 12.00
Project("{2150E333-8FDC-42A3-9474-1A3956D46DE8}") = "src", "src", "{12B30F11-F421-4B10-AE15-79543030D997}"
EndProject
Project("{FAE04EC0-301F-11D3-BF4B-00C04F79EFBC}") = "Module", "src\Module\Module.csproj", "{90CDD070-EC14-4CD1-B946-F6D10D9F169C}"
EndProject
Project("{FAE04EC0-301F-11D3-BF4B-00C04F79EFBC}") = "ProfileCmdlets", "src\ProfileCmdlets\ProfileCmdlets.csproj", "{395C2FD2-245F-4110-9588-E7ADB9C703F0}"
EndProject
Project("{FAE04EC0-301F-11D3-BF4B-00C04F79EFBC}") = "ComputeCmdlets", "src\ComputeCmdlets\ComputeCmdlets.csproj", "{CE10AE23-1F87-47B2-8085-126B8E7FB91D}"
EndProject
Project("{FAE04EC0-301F-11D3-BF4B-00C04F79EFBC}") = "Common", "src\Common\Common.csproj", "{E4CCAE49-EDF3-4F17-AC53-FF3F6E8A4DCF}"
EndProject
Global
	GlobalSection(SolutionConfigurationPlatforms) = preSolution
		Debug|Any CPU = Debug|Any CPU
		Release|Any CPU = Release|Any CPU
	EndGlobalSection
	GlobalSection(ProjectConfigurationPlatforms) = postSolution
		{90CDD070-EC14-4CD1-B946-F6D10D9F169C}.Debug|Any CPU.ActiveCfg = Debug|Any CPU
		{90CDD070-EC14-4CD1-B946-F6D10D9F169C}.Debug|Any CPU.Build.0 = Debug|Any CPU
		{90CDD070-EC14-4CD1-B946-F6D10D9F169C}.Release|Any CPU.ActiveCfg = Release|Any CPU
		{90CDD070-EC14-4CD1-B946-F6D10D9F169C}.Release|Any CPU.Build.0 = Release|Any CPU
		{395C2FD2-245F-4110-9588-E7ADB9C703F0}.Debug|Any CPU.ActiveCfg = Debug|Any CPU
		{395C2FD2-245F-4110-9588-E7ADB9C703F0}.Debug|Any CPU.Build.0 = Debug|Any CPU
		{395C2FD2-245F-4110-9588-E7ADB9C703F0}.Release|Any CPU.ActiveCfg = Release|Any CPU
		{395C2FD2-245F-4110-9588-E7ADB9C703F0}.Release|Any CPU.Build.0 = Release|Any CPU
		{CE10AE23-1F87-47B2-8085-126B8E7FB91D}.Debug|Any CPU.ActiveCfg = Debug|Any CPU
		{CE10AE23-1F87-47B2-8085-126B8E7FB91D}.Debug|Any CPU.Build.0 = Debug|Any CPU
		{CE10AE23-1F87-47B2-8085-126B8E7FB91D}.Release|Any CPU.ActiveCfg = Release|Any CPU
		{CE10AE23-1F87-47B2-8085-126B8E7FB91D}.Release|Any CPU.Build.0 = Release|Any CPU
		{E4CCAE49-EDF3-4F17-AC53-FF3F6E8A4DCF}.Debug|Any CPU.ActiveCfg = Debug|Any CPU
		{E4CCAE49-EDF3-4F17-AC53-FF3F6E8A4DCF}.Debug|Any CPU.Build.0 = Debug|Any CPU
		{E4CCAE49-EDF3-4F17-AC53-FF3F6E8A4DCF}.Release|Any CPU.ActiveCfg = Release|Any CPU
		{E4CCAE49-EDF3-4F17-AC53-FF3F6E8A4DCF}.Release|Any CPU.Build.0 = Release|Any CPU
	EndGlobalSection
	GlobalSection(NestedProjects) = preSolution
		{90CDD070-EC14-4CD1-B946-F6D10D9F169C} = {12B30F11-F421-4B10-AE15-79543030D997}
		{395C2FD2-245F-4110-9588-E7ADB9C703F0} = {12B30F11-F421-4B10-AE15-79543030D997}
		{CE10AE23-1F87-47B2-8085-126B8E7FB91D} = {12B30F11-F421-4B10-AE15-79543030D997}
		{E4CCAE49-EDF3-4F17-AC53-FF3F6E8A4DCF} = {12B30F11-F421-4B10-AE15-79543030D997}
	EndGlobalSection
EndGlobal
