
Microsoft Visual Studio Solution File, Format Version 12.00
Project("{2150E333-8FDC-42A3-9474-1A3956D46DE8}") = "src", "src", "{12B30F11-F421-4B10-AE15-79543030D997}"
EndProject
Project("{FAE04EC0-301F-11D3-BF4B-00C04F79EFBC}") = "Module", "src\Module\Module.csproj", "{90CDD070-EC14-4CD1-B946-F6D10D9F169C}"
EndProject
Project("{FAE04EC0-301F-11D3-BF4B-00C04F79EFBC}") = "Context", "src\Context\Context.csproj", "{D3DF65D8-D2FD-4816-8777-127DFC9AA0D3}"
EndProject
Global
	GlobalSection(SolutionConfigurationPlatforms) = preSolution
		Debug|Any CPU = Debug|Any CPU
		Release|Any CPU = Release|Any CPU
	EndGlobalSection
	GlobalSection(ProjectConfigurationPlatforms) = postSolution
		{90CDD070-EC14-4CD1-B946-F6D10D9F169C}.Debug|Any CPU.ActiveCfg = Debug|Any CPU
		{90CDD070-EC14-4CD1-B946-F6D10D9F169C}.Debug|Any CPU.Build.0 = Debug|Any CPU
		{90CDD070-EC14-4CD1-B946-F6D10D9F169C}.Release|Any CPU.ActiveCfg = Release|Any CPU
		{90CDD070-EC14-4CD1-B946-F6D10D9F169C}.Release|Any CPU.Build.0 = Release|Any CPU
		{D3DF65D8-D2FD-4816-8777-127DFC9AA0D3}.Debug|Any CPU.ActiveCfg = Debug|Any CPU
		{D3DF65D8-D2FD-4816-8777-127DFC9AA0D3}.Debug|Any CPU.Build.0 = Debug|Any CPU
		{D3DF65D8-D2FD-4816-8777-127DFC9AA0D3}.Release|Any CPU.ActiveCfg = Release|Any CPU
		{D3DF65D8-D2FD-4816-8777-127DFC9AA0D3}.Release|Any CPU.Build.0 = Release|Any CPU
	EndGlobalSection
	GlobalSection(NestedProjects) = preSolution
		{90CDD070-EC14-4CD1-B946-F6D10D9F169C} = {12B30F11-F421-4B10-AE15-79543030D997}
		{D3DF65D8-D2FD-4816-8777-127DFC9AA0D3} = {12B30F11-F421-4B10-AE15-79543030D997}
	EndGlobalSection
EndGlobal
